// !$*UTF8*$!
{
	archiveVersion = 1;
	classes = {
	};
	objectVersion = 51;
	objects = {

/* Begin PBXBuildFile section */
		632E318225DE277D00325393 /* MovieCell.swift in Sources */ = {isa = PBXBuildFile; fileRef = 632E318125DE277D00325393 /* MovieCell.swift */; };
		6330600925E76F23008E3DA1 /* MovieGridViewController.swift in Sources */ = {isa = PBXBuildFile; fileRef = 6330600825E76F23008E3DA1 /* MovieGridViewController.swift */; };
		6336058A25E61AC900947A28 /* MovieDetailsViewController.swift in Sources */ = {isa = PBXBuildFile; fileRef = 6336058925E61AC900947A28 /* MovieDetailsViewController.swift */; };
		6382E54025DBDB6700F49BA9 /* AppDelegate.swift in Sources */ = {isa = PBXBuildFile; fileRef = 6382E53F25DBDB6700F49BA9 /* AppDelegate.swift */; };
		6382E54225DBDB6700F49BA9 /* SceneDelegate.swift in Sources */ = {isa = PBXBuildFile; fileRef = 6382E54125DBDB6700F49BA9 /* SceneDelegate.swift */; };
		6382E54725DBDB6700F49BA9 /* Main.storyboard in Resources */ = {isa = PBXBuildFile; fileRef = 6382E54525DBDB6700F49BA9 /* Main.storyboard */; };
		6382E54925DBDB6E00F49BA9 /* Assets.xcassets in Resources */ = {isa = PBXBuildFile; fileRef = 6382E54825DBDB6E00F49BA9 /* Assets.xcassets */; };
		6382E54C25DBDB6E00F49BA9 /* LaunchScreen.storyboard in Resources */ = {isa = PBXBuildFile; fileRef = 6382E54A25DBDB6E00F49BA9 /* LaunchScreen.storyboard */; };
		6382E55525DBDCDB00F49BA9 /* MoviesViewController.swift in Sources */ = {isa = PBXBuildFile; fileRef = 6382E55425DBDCDB00F49BA9 /* MoviesViewController.swift */; };
		63B1282525E8BC6C00596F7F /* MovieGridViewCell.swift in Sources */ = {isa = PBXBuildFile; fileRef = 63B1282425E8BC6C00596F7F /* MovieGridViewCell.swift */; };
		F2BA1AC71B3A9993907C1F9D /* Pods_Flixter_Movie_app.framework in Frameworks */ = {isa = PBXBuildFile; fileRef = 2EC164EE8DC588FD4430BD00 /* Pods_Flixter_Movie_app.framework */; };
/* End PBXBuildFile section */

/* Begin PBXFileReference section */
		2EC164EE8DC588FD4430BD00 /* Pods_Flixter_Movie_app.framework */ = {isa = PBXFileReference; explicitFileType = wrapper.framework; includeInIndex = 0; path = Pods_Flixter_Movie_app.framework; sourceTree = BUILT_PRODUCTS_DIR; };
		632E318125DE277D00325393 /* MovieCell.swift */ = {isa = PBXFileReference; lastKnownFileType = sourcecode.swift; path = MovieCell.swift; sourceTree = "<group>"; };
		6330600825E76F23008E3DA1 /* MovieGridViewController.swift */ = {isa = PBXFileReference; lastKnownFileType = sourcecode.swift; path = MovieGridViewController.swift; sourceTree = "<group>"; };
		6336058925E61AC900947A28 /* MovieDetailsViewController.swift */ = {isa = PBXFileReference; lastKnownFileType = sourcecode.swift; path = MovieDetailsViewController.swift; sourceTree = "<group>"; };
		6382E53C25DBDB6700F49BA9 /* Flixter-Movie app.app */ = {isa = PBXFileReference; explicitFileType = wrapper.application; includeInIndex = 0; path = "Flixter-Movie app.app"; sourceTree = BUILT_PRODUCTS_DIR; };
		6382E53F25DBDB6700F49BA9 /* AppDelegate.swift */ = {isa = PBXFileReference; lastKnownFileType = sourcecode.swift; path = AppDelegate.swift; sourceTree = "<group>"; };
		6382E54125DBDB6700F49BA9 /* SceneDelegate.swift */ = {isa = PBXFileReference; lastKnownFileType = sourcecode.swift; path = SceneDelegate.swift; sourceTree = "<group>"; };
		6382E54625DBDB6700F49BA9 /* Base */ = {isa = PBXFileReference; lastKnownFileType = file.storyboard; name = Base; path = Base.lproj/Main.storyboard; sourceTree = "<group>"; };
		6382E54825DBDB6E00F49BA9 /* Assets.xcassets */ = {isa = PBXFileReference; lastKnownFileType = folder.assetcatalog; path = Assets.xcassets; sourceTree = "<group>"; };
		6382E54B25DBDB6E00F49BA9 /* Base */ = {isa = PBXFileReference; lastKnownFileType = file.storyboard; name = Base; path = Base.lproj/LaunchScreen.storyboard; sourceTree = "<group>"; };
		6382E54D25DBDB6E00F49BA9 /* Info.plist */ = {isa = PBXFileReference; lastKnownFileType = text.plist.xml; path = Info.plist; sourceTree = "<group>"; };
		6382E55425DBDCDB00F49BA9 /* MoviesViewController.swift */ = {isa = PBXFileReference; lastKnownFileType = sourcecode.swift; path = MoviesViewController.swift; sourceTree = "<group>"; };
		63B1282425E8BC6C00596F7F /* MovieGridViewCell.swift */ = {isa = PBXFileReference; lastKnownFileType = sourcecode.swift; path = MovieGridViewCell.swift; sourceTree = "<group>"; };
		AA749363D969AB3565D9177E /* Pods-Flixter-Movie app.release.xcconfig */ = {isa = PBXFileReference; includeInIndex = 1; lastKnownFileType = text.xcconfig; name = "Pods-Flixter-Movie app.release.xcconfig"; path = "Target Support Files/Pods-Flixter-Movie app/Pods-Flixter-Movie app.release.xcconfig"; sourceTree = "<group>"; };
		D3A2B5159347B1BA3FC8DF0C /* Pods-Flixter-Movie app.debug.xcconfig */ = {isa = PBXFileReference; includeInIndex = 1; lastKnownFileType = text.xcconfig; name = "Pods-Flixter-Movie app.debug.xcconfig"; path = "Target Support Files/Pods-Flixter-Movie app/Pods-Flixter-Movie app.debug.xcconfig"; sourceTree = "<group>"; };
/* End PBXFileReference section */

/* Begin PBXFrameworksBuildPhase section */
		6382E53925DBDB6600F49BA9 /* Frameworks */ = {
			isa = PBXFrameworksBuildPhase;
			buildActionMask = 2147483647;
			files = (
				F2BA1AC71B3A9993907C1F9D /* Pods_Flixter_Movie_app.framework in Frameworks */,
			);
			runOnlyForDeploymentPostprocessing = 0;
		};
/* End PBXFrameworksBuildPhase section */

/* Begin PBXGroup section */
		5C98803B2B20157161CE04DA /* Frameworks */ = {
			isa = PBXGroup;
			children = (
				2EC164EE8DC588FD4430BD00 /* Pods_Flixter_Movie_app.framework */,
			);
			name = Frameworks;
			sourceTree = "<group>";
		};
		6382E53325DBDB6600F49BA9 = {
			isa = PBXGroup;
			children = (
				632E318125DE277D00325393 /* MovieCell.swift */,
				6382E53E25DBDB6700F49BA9 /* Flixter-Movie app */,
				6382E53D25DBDB6700F49BA9 /* Products */,
				866C3AA5C41D5572E5C7DE51 /* Pods */,
				5C98803B2B20157161CE04DA /* Frameworks */,
			);
			sourceTree = "<group>";
		};
		6382E53D25DBDB6700F49BA9 /* Products */ = {
			isa = PBXGroup;
			children = (
				6382E53C25DBDB6700F49BA9 /* Flixter-Movie app.app */,
			);
			name = Products;
			sourceTree = "<group>";
		};
		6382E53E25DBDB6700F49BA9 /* Flixter-Movie app */ = {
			isa = PBXGroup;
			children = (
				6382E53F25DBDB6700F49BA9 /* AppDelegate.swift */,
				6382E54125DBDB6700F49BA9 /* SceneDelegate.swift */,
				6382E54525DBDB6700F49BA9 /* Main.storyboard */,
				6382E54825DBDB6E00F49BA9 /* Assets.xcassets */,
				6382E54A25DBDB6E00F49BA9 /* LaunchScreen.storyboard */,
				6382E54D25DBDB6E00F49BA9 /* Info.plist */,
				6382E55425DBDCDB00F49BA9 /* MoviesViewController.swift */,
				6336058925E61AC900947A28 /* MovieDetailsViewController.swift */,
				6330600825E76F23008E3DA1 /* MovieGridViewController.swift */,
				63B1282425E8BC6C00596F7F /* MovieGridViewCell.swift */,
			);
			path = "Flixter-Movie app";
			sourceTree = "<group>";
		};
		866C3AA5C41D5572E5C7DE51 /* Pods */ = {
			isa = PBXGroup;
			children = (
				D3A2B5159347B1BA3FC8DF0C /* Pods-Flixter-Movie app.debug.xcconfig */,
				AA749363D969AB3565D9177E /* Pods-Flixter-Movie app.release.xcconfig */,
			);
			path = Pods;
			sourceTree = "<group>";
		};
/* End PBXGroup section */

/* Begin PBXNativeTarget section */
		6382E53B25DBDB6600F49BA9 /* Flixter-Movie app */ = {
			isa = PBXNativeTarget;
			buildConfigurationList = 6382E55025DBDB6E00F49BA9 /* Build configuration list for PBXNativeTarget "Flixter-Movie app" */;
			buildPhases = (
				AB48517F40FB6FEF4A2B68EC /* [CP] Check Pods Manifest.lock */,
				6382E53825DBDB6600F49BA9 /* Sources */,
				6382E53925DBDB6600F49BA9 /* Frameworks */,
				6382E53A25DBDB6600F49BA9 /* Resources */,
				A690AC819599618ADCB5C9BC /* [CP] Embed Pods Frameworks */,
			);
			buildRules = (
			);
			dependencies = (
			);
			name = "Flixter-Movie app";
			productName = "Flixter-Movie app";
			productReference = 6382E53C25DBDB6700F49BA9 /* Flixter-Movie app.app */;
			productType = "com.apple.product-type.application";
		};
/* End PBXNativeTarget section */

/* Begin PBXProject section */
		6382E53425DBDB6600F49BA9 /* Project object */ = {
			isa = PBXProject;
			attributes = {
				LastSwiftUpdateCheck = 1230;
				LastUpgradeCheck = 1230;
				TargetAttributes = {
					6382E53B25DBDB6600F49BA9 = {
						CreatedOnToolsVersion = 12.3;
					};
				};
			};
			buildConfigurationList = 6382E53725DBDB6600F49BA9 /* Build configuration list for PBXProject "Flixter-Movie app" */;
			compatibilityVersion = "Xcode 9.3";
			developmentRegion = en;
			hasScannedForEncodings = 0;
			knownRegions = (
				en,
				Base,
			);
			mainGroup = 6382E53325DBDB6600F49BA9;
			productRefGroup = 6382E53D25DBDB6700F49BA9 /* Products */;
			projectDirPath = "";
			projectRoot = "";
			targets = (
				6382E53B25DBDB6600F49BA9 /* Flixter-Movie app */,
			);
		};
/* End PBXProject section */

/* Begin PBXResourcesBuildPhase section */
		6382E53A25DBDB6600F49BA9 /* Resources */ = {
			isa = PBXResourcesBuildPhase;
			buildActionMask = 2147483647;
			files = (
				6382E54C25DBDB6E00F49BA9 /* LaunchScreen.storyboard in Resources */,
				6382E54925DBDB6E00F49BA9 /* Assets.xcassets in Resources */,
				6382E54725DBDB6700F49BA9 /* Main.storyboard in Resources */,
			);
			runOnlyForDeploymentPostprocessing = 0;
		};
/* End PBXResourcesBuildPhase section */

/* Begin PBXShellScriptBuildPhase section */
		A690AC819599618ADCB5C9BC /* [CP] Embed Pods Frameworks */ = {
			isa = PBXShellScriptBuildPhase;
			buildActionMask = 2147483647;
			files = (
			);
			inputFileListPaths = (
				"${PODS_ROOT}/Target Support Files/Pods-Flixter-Movie app/Pods-Flixter-Movie app-frameworks-${CONFIGURATION}-input-files.xcfilelist",
			);
			name = "[CP] Embed Pods Frameworks";
			outputFileListPaths = (
				"${PODS_ROOT}/Target Support Files/Pods-Flixter-Movie app/Pods-Flixter-Movie app-frameworks-${CONFIGURATION}-output-files.xcfilelist",
			);
			runOnlyForDeploymentPostprocessing = 0;
			shellPath = /bin/sh;
			shellScript = "\"${PODS_ROOT}/Target Support Files/Pods-Flixter-Movie app/Pods-Flixter-Movie app-frameworks.sh\"\n";
			showEnvVarsInLog = 0;
		};
		AB48517F40FB6FEF4A2B68EC /* [CP] Check Pods Manifest.lock */ = {
			isa = PBXShellScriptBuildPhase;
			buildActionMask = 2147483647;
			files = (
			);
			inputFileListPaths = (
			);
			inputPaths = (
				"${PODS_PODFILE_DIR_PATH}/Podfile.lock",
				"${PODS_ROOT}/Manifest.lock",
			);
			name = "[CP] Check Pods Manifest.lock";
			outputFileListPaths = (
			);
			outputPaths = (
				"$(DERIVED_FILE_DIR)/Pods-Flixter-Movie app-checkManifestLockResult.txt",
			);
			runOnlyForDeploymentPostprocessing = 0;
			shellPath = /bin/sh;
			shellScript = "diff \"${PODS_PODFILE_DIR_PATH}/Podfile.lock\" \"${PODS_ROOT}/Manifest.lock\" > /dev/null\nif [ $? != 0 ] ; then\n    # print error to STDERR\n    echo \"error: The sandbox is not in sync with the Podfile.lock. Run 'pod install' or update your CocoaPods installation.\" >&2\n    exit 1\nfi\n# This output is used by Xcode 'outputs' to avoid re-running this script phase.\necho \"SUCCESS\" > \"${SCRIPT_OUTPUT_FILE_0}\"\n";
			showEnvVarsInLog = 0;
		};
/* End PBXShellScriptBuildPhase section */

/* Begin PBXSourcesBuildPhase section */
		6382E53825DBDB6600F49BA9 /* Sources */ = {
			isa = PBXSourcesBuildPhase;
			buildActionMask = 2147483647;
			files = (
				63B1282525E8BC6C00596F7F /* MovieGridViewCell.swift in Sources */,
				6336058A25E61AC900947A28 /* MovieDetailsViewController.swift in Sources */,
				6382E54025DBDB6700F49BA9 /* AppDelegate.swift in Sources */,
				6382E54225DBDB6700F49BA9 /* SceneDelegate.swift in Sources */,
				632E318225DE277D00325393 /* MovieCell.swift in Sources */,
				6382E55525DBDCDB00F49BA9 /* MoviesViewController.swift in Sources */,
				6330600925E76F23008E3DA1 /* MovieGridViewController.swift in Sources */,
			);
			runOnlyForDeploymentPostprocessing = 0;
		};
/* End PBXSourcesBuildPhase section */

/* Begin PBXVariantGroup section */
		6382E54525DBDB6700F49BA9 /* Main.storyboard */ = {
			isa = PBXVariantGroup;
			children = (
				6382E54625DBDB6700F49BA9 /* Base */,
			);
			name = Main.storyboard;
			sourceTree = "<group>";
		};
		6382E54A25DBDB6E00F49BA9 /* LaunchScreen.storyboard */ = {
			isa = PBXVariantGroup;
			children = (
				6382E54B25DBDB6E00F49BA9 /* Base */,
			);
			name = LaunchScreen.storyboard;
			sourceTree = "<group>";
		};
/* End PBXVariantGroup section */

/* Begin XCBuildConfiguration section */
		6382E54E25DBDB6E00F49BA9 /* Debug */ = {
			isa = XCBuildConfiguration;
			buildSettings = {
				ALWAYS_SEARCH_USER_PATHS = NO;
				CLANG_ANALYZER_NONNULL = YES;
				CLANG_ANALYZER_NUMBER_OBJECT_CONVERSION = YES_AGGRESSIVE;
				CLANG_CXX_LANGUAGE_STANDARD = "gnu++14";
				CLANG_CXX_LIBRARY = "libc++";
				CLANG_ENABLE_MODULES = YES;
				CLANG_ENABLE_OBJC_ARC = YES;
				CLANG_ENABLE_OBJC_WEAK = YES;
				CLANG_WARN_BLOCK_CAPTURE_AUTORELEASING = YES;
				CLANG_WARN_BOOL_CONVERSION = YES;
				CLANG_WARN_COMMA = YES;
				CLANG_WARN_CONSTANT_CONVERSION = YES;
				CLANG_WARN_DEPRECATED_OBJC_IMPLEMENTATIONS = YES;
				CLANG_WARN_DIRECT_OBJC_ISA_USAGE = YES_ERROR;
				CLANG_WARN_DOCUMENTATION_COMMENTS = YES;
				CLANG_WARN_EMPTY_BODY = YES;
				CLANG_WARN_ENUM_CONVERSION = YES;
				CLANG_WARN_INFINITE_RECURSION = YES;
				CLANG_WARN_INT_CONVERSION = YES;
				CLANG_WARN_NON_LITERAL_NULL_CONVERSION = YES;
				CLANG_WARN_OBJC_IMPLICIT_RETAIN_SELF = YES;
				CLANG_WARN_OBJC_LITERAL_CONVERSION = YES;
				CLANG_WARN_OBJC_ROOT_CLASS = YES_ERROR;
				CLANG_WARN_QUOTED_INCLUDE_IN_FRAMEWORK_HEADER = YES;
				CLANG_WARN_RANGE_LOOP_ANALYSIS = YES;
				CLANG_WARN_STRICT_PROTOTYPES = YES;
				CLANG_WARN_SUSPICIOUS_MOVE = YES;
				CLANG_WARN_UNGUARDED_AVAILABILITY = YES_AGGRESSIVE;
				CLANG_WARN_UNREACHABLE_CODE = YES;
				CLANG_WARN__DUPLICATE_METHOD_MATCH = YES;
				COPY_PHASE_STRIP = NO;
				DEBUG_INFORMATION_FORMAT = dwarf;
				ENABLE_STRICT_OBJC_MSGSEND = YES;
				ENABLE_TESTABILITY = YES;
				GCC_C_LANGUAGE_STANDARD = gnu11;
				GCC_DYNAMIC_NO_PIC = NO;
				GCC_NO_COMMON_BLOCKS = YES;
				GCC_OPTIMIZATION_LEVEL = 0;
				GCC_PREPROCESSOR_DEFINITIONS = (
					"DEBUG=1",
					"$(inherited)",
				);
				GCC_WARN_64_TO_32_BIT_CONVERSION = YES;
				GCC_WARN_ABOUT_RETURN_TYPE = YES_ERROR;
				GCC_WARN_UNDECLARED_SELECTOR = YES;
				GCC_WARN_UNINITIALIZED_AUTOS = YES_AGGRESSIVE;
				GCC_WARN_UNUSED_FUNCTION = YES;
				GCC_WARN_UNUSED_VARIABLE = YES;
				IPHONEOS_DEPLOYMENT_TARGET = 14.3;
				MTL_ENABLE_DEBUG_INFO = INCLUDE_SOURCE;
				MTL_FAST_MATH = YES;
				ONLY_ACTIVE_ARCH = YES;
				SDKROOT = iphoneos;
				SWIFT_ACTIVE_COMPILATION_CONDITIONS = DEBUG;
				SWIFT_OPTIMIZATION_LEVEL = "-Onone";
			};
			name = Debug;
		};
		6382E54F25DBDB6E00F49BA9 /* Release */ = {
			isa = XCBuildConfiguration;
			buildSettings = {
				ALWAYS_SEARCH_USER_PATHS = NO;
				CLANG_ANALYZER_NONNULL = YES;
				CLANG_ANALYZER_NUMBER_OBJECT_CONVERSION = YES_AGGRESSIVE;
				CLANG_CXX_LANGUAGE_STANDARD = "gnu++14";
				CLANG_CXX_LIBRARY = "libc++";
				CLANG_ENABLE_MODULES = YES;
				CLANG_ENABLE_OBJC_ARC = YES;
				CLANG_ENABLE_OBJC_WEAK = YES;
				CLANG_WARN_BLOCK_CAPTURE_AUTORELEASING = YES;
				CLANG_WARN_BOOL_CONVERSION = YES;
				CLANG_WARN_COMMA = YES;
				CLANG_WARN_CONSTANT_CONVERSION = YES;
				CLANG_WARN_DEPRECATED_OBJC_IMPLEMENTATIONS = YES;
				CLANG_WARN_DIRECT_OBJC_ISA_USAGE = YES_ERROR;
				CLANG_WARN_DOCUMENTATION_COMMENTS = YES;
				CLANG_WARN_EMPTY_BODY = YES;
				CLANG_WARN_ENUM_CONVERSION = YES;
				CLANG_WARN_INFINITE_RECURSION = YES;
				CLANG_WARN_INT_CONVERSION = YES;
				CLANG_WARN_NON_LITERAL_NULL_CONVERSION = YES;
				CLANG_WARN_OBJC_IMPLICIT_RETAIN_SELF = YES;
				CLANG_WARN_OBJC_LITERAL_CONVERSION = YES;
				CLANG_WARN_OBJC_ROOT_CLASS = YES_ERROR;
				CLANG_WARN_QUOTED_INCLUDE_IN_FRAMEWORK_HEADER = YES;
				CLANG_WARN_RANGE_LOOP_ANALYSIS = YES;
				CLANG_WARN_STRICT_PROTOTYPES = YES;
				CLANG_WARN_SUSPICIOUS_MOVE = YES;
				CLANG_WARN_UNGUARDED_AVAILABILITY = YES_AGGRESSIVE;
				CLANG_WARN_UNREACHABLE_CODE = YES;
				CLANG_WARN__DUPLICATE_METHOD_MATCH = YES;
				COPY_PHASE_STRIP = NO;
				DEBUG_INFORMATION_FORMAT = "dwarf-with-dsym";
				ENABLE_NS_ASSERTIONS = NO;
				ENABLE_STRICT_OBJC_MSGSEND = YES;
				GCC_C_LANGUAGE_STANDARD = gnu11;
				GCC_NO_COMMON_BLOCKS = YES;
				GCC_WARN_64_TO_32_BIT_CONVERSION = YES;
				GCC_WARN_ABOUT_RETURN_TYPE = YES_ERROR;
				GCC_WARN_UNDECLARED_SELECTOR = YES;
				GCC_WARN_UNINITIALIZED_AUTOS = YES_AGGRESSIVE;
				GCC_WARN_UNUSED_FUNCTION = YES;
				GCC_WARN_UNUSED_VARIABLE = YES;
				IPHONEOS_DEPLOYMENT_TARGET = 14.3;
				MTL_ENABLE_DEBUG_INFO = NO;
				MTL_FAST_MATH = YES;
				SDKROOT = iphoneos;
				SWIFT_COMPILATION_MODE = wholemodule;
				SWIFT_OPTIMIZATION_LEVEL = "-O";
				VALIDATE_PRODUCT = YES;
			};
			name = Release;
		};
		6382E55125DBDB6E00F49BA9 /* Debug */ = {
			isa = XCBuildConfiguration;
			baseConfigurationReference = D3A2B5159347B1BA3FC8DF0C /* Pods-Flixter-Movie app.debug.xcconfig */;
			buildSettings = {
				ASSETCATALOG_COMPILER_APPICON_NAME = AppIcon;
				ASSETCATALOG_COMPILER_GLOBAL_ACCENT_COLOR_NAME = AccentColor;
				CODE_SIGN_STYLE = Automatic;
				DEVELOPMENT_TEAM = KS9ZHX5Q9Z;
				INFOPLIST_FILE = "Flixter-Movie app/Info.plist";
				LD_RUNPATH_SEARCH_PATHS = (
					"$(inherited)",
					"@executable_path/Frameworks",
				);
				PRODUCT_BUNDLE_IDENTIFIER = "Codepath.Flixter-Movie-app";
				PRODUCT_NAME = "$(TARGET_NAME)";
				SWIFT_VERSION = 5.0;
				TARGETED_DEVICE_FAMILY = "1,2";
			};
			name = Debug;
		};
		6382E55225DBDB6E00F49BA9 /* Release */ = {
			isa = XCBuildConfiguration;
			baseConfigurationReference = AA749363D969AB3565D9177E /* Pods-Flixter-Movie app.release.xcconfig */;
			buildSettings = {
				ASSETCATALOG_COMPILER_APPICON_NAME = AppIcon;
				ASSETCATALOG_COMPILER_GLOBAL_ACCENT_COLOR_NAME = AccentColor;
				CODE_SIGN_STYLE = Automatic;
				DEVELOPMENT_TEAM = KS9ZHX5Q9Z;
				INFOPLIST_FILE = "Flixter-Movie app/Info.plist";
				LD_RUNPATH_SEARCH_PATHS = (
					"$(inherited)",
					"@executable_path/Frameworks",
				);
				PRODUCT_BUNDLE_IDENTIFIER = "Codepath.Flixter-Movie-app";
				PRODUCT_NAME = "$(TARGET_NAME)";
				SWIFT_VERSION = 5.0;
				TARGETED_DEVICE_FAMILY = "1,2";
			};
			name = Release;
		};
/* End XCBuildConfiguration section */

/* Begin XCConfigurationList section */
		6382E53725DBDB6600F49BA9 /* Build configuration list for PBXProject "Flixter-Movie app" */ = {
			isa = XCConfigurationList;
			buildConfigurations = (
				6382E54E25DBDB6E00F49BA9 /* Debug */,
				6382E54F25DBDB6E00F49BA9 /* Release */,
			);
			defaultConfigurationIsVisible = 0;
			defaultConfigurationName = Release;
		};
		6382E55025DBDB6E00F49BA9 /* Build configuration list for PBXNativeTarget "Flixter-Movie app" */ = {
			isa = XCConfigurationList;
			buildConfigurations = (
				6382E55125DBDB6E00F49BA9 /* Debug */,
				6382E55225DBDB6E00F49BA9 /* Release */,
			);
			defaultConfigurationIsVisible = 0;
			defaultConfigurationName = Release;
		};
/* End XCConfigurationList section */
	};
	rootObject = 6382E53425DBDB6600F49BA9 /* Project object */;
}
